
Microsoft Visual Studio Solution File, Format Version 12.00
# Visual Studio Version 17
VisualStudioVersion = 17.8.34330.188
MinimumVisualStudioVersion = 10.0.40219.1
Project("{FAE04EC0-301F-11D3-BF4B-00C04F79EFBC}") = "Assignment2", "Assignment2\Assignment2.csproj", "{069DD43A-B067-4457-86E8-38C8B142668A}"
EndProject
Project("{FAE04EC0-301F-11D3-BF4B-00C04F79EFBC}") = "Test2", "Test2\Test2.csproj", "{451B2FC8-98A3-4160-9E60-2E3FBA3A9084}"
EndProject
Global
	GlobalSection(SolutionConfigurationPlatforms) = preSolution
		Debug|Any CPU = Debug|Any CPU
		Release|Any CPU = Release|Any CPU
	EndGlobalSection
	GlobalSection(ProjectConfigurationPlatforms) = postSolution
		{069DD43A-B067-4457-86E8-38C8B142668A}.Debug|Any CPU.ActiveCfg = Debug|Any CPU
		{069DD43A-B067-4457-86E8-38C8B142668A}.Debug|Any CPU.Build.0 = Debug|Any CPU
		{069DD43A-B067-4457-86E8-38C8B142668A}.Release|Any CPU.ActiveCfg = Release|Any CPU
		{069DD43A-B067-4457-86E8-38C8B142668A}.Release|Any CPU.Build.0 = Release|Any CPU
		{451B2FC8-98A3-4160-9E60-2E3FBA3A9084}.Debug|Any CPU.ActiveCfg = Debug|Any CPU
		{451B2FC8-98A3-4160-9E60-2E3FBA3A9084}.Debug|Any CPU.Build.0 = Debug|Any CPU
		{451B2FC8-98A3-4160-9E60-2E3FBA3A9084}.Release|Any CPU.ActiveCfg = Release|Any CPU
		{451B2FC8-98A3-4160-9E60-2E3FBA3A9084}.Release|Any CPU.Build.0 = Release|Any CPU
	EndGlobalSection
	GlobalSection(SolutionProperties) = preSolution
		HideSolutionNode = FALSE
	EndGlobalSection
	GlobalSection(ExtensibilityGlobals) = postSolution
		SolutionGuid = {C3F32941-B999-48D3-9B86-F3508F475CAF}
	EndGlobalSection
EndGlobal
