
Microsoft Visual Studio Solution File, Format Version 12.00
# Visual Studio Version 17
VisualStudioVersion = 17.8.34330.188
MinimumVisualStudioVersion = 10.0.40219.1
Project("{FAE04EC0-301F-11D3-BF4B-00C04F79EFBC}") = "BusSchool", "BusSchool\BusSchool.csproj", "{BAE23FEF-CEBB-47B7-A039-6570F3016761}"
EndProject
Global
	GlobalSection(SolutionConfigurationPlatforms) = preSolution
		Debug|Any CPU = Debug|Any CPU
		Release|Any CPU = Release|Any CPU
	EndGlobalSection
	GlobalSection(ProjectConfigurationPlatforms) = postSolution
		{BAE23FEF-CEBB-47B7-A039-6570F3016761}.Debug|Any CPU.ActiveCfg = Debug|Any CPU
		{BAE23FEF-CEBB-47B7-A039-6570F3016761}.Debug|Any CPU.Build.0 = Debug|Any CPU
		{BAE23FEF-CEBB-47B7-A039-6570F3016761}.Release|Any CPU.ActiveCfg = Release|Any CPU
		{BAE23FEF-CEBB-47B7-A039-6570F3016761}.Release|Any CPU.Build.0 = Release|Any CPU
	EndGlobalSection
	GlobalSection(SolutionProperties) = preSolution
		HideSolutionNode = FALSE
	EndGlobalSection
	GlobalSection(ExtensibilityGlobals) = postSolution
		SolutionGuid = {EE9FF1BA-3F99-4583-9651-CEAB7F4EDF78}
	EndGlobalSection
EndGlobal
